
Microsoft Visual Studio Solution File, Format Version 12.00
# Visual Studio Version 17
VisualStudioVersion = 17.3.32825.248
MinimumVisualStudioVersion = 10.0.40219.1
Project("{FAE04EC0-301F-11D3-BF4B-00C04F79EFBC}") = "Input", "Input\Input.csproj", "{C47AC4D5-7CD7-45AA-B0D0-C2776F9C037B}"
EndProject
Global
	GlobalSection(SolutionConfigurationPlatforms) = preSolution
		Debug|Any CPU = Debug|Any CPU
		Release|Any CPU = Release|Any CPU
	EndGlobalSection
	GlobalSection(ProjectConfigurationPlatforms) = postSolution
		{C47AC4D5-7CD7-45AA-B0D0-C2776F9C037B}.Debug|Any CPU.ActiveCfg = Debug|Any CPU
		{C47AC4D5-7CD7-45AA-B0D0-C2776F9C037B}.Debug|Any CPU.Build.0 = Debug|Any CPU
		{C47AC4D5-7CD7-45AA-B0D0-C2776F9C037B}.Release|Any CPU.ActiveCfg = Release|Any CPU
		{C47AC4D5-7CD7-45AA-B0D0-C2776F9C037B}.Release|Any CPU.Build.0 = Release|Any CPU
	EndGlobalSection
	GlobalSection(SolutionProperties) = preSolution
		HideSolutionNode = FALSE
	EndGlobalSection
	GlobalSection(ExtensibilityGlobals) = postSolution
		SolutionGuid = {8E5F445A-BFC8-48D9-B302-6971D2A10125}
	EndGlobalSection
EndGlobal
